<?xml version="1.0" encoding="utf-8"?>
<Project ToolsVersion="4.0" xmlns="http://schemas.microsoft.com/developer/msbuild/2003">
  <ItemGroup>
    <Filter Include="Arquivos de Origem">
      <UniqueIdentifier>{4FC737F1-C7A5-4376-A066-2A32D752A2FF}</UniqueIdentifier>
      <Extensions>cpp;c;cc;cxx;c++;cppm;ixx;def;odl;idl;hpj;bat;asm;asmx</Extensions>
    </Filter>
    <Filter Include="Arquivos de Cabeçalho">
      <UniqueIdentifier>{93995380-89BD-4b04-88EB-625FBE52EBFB}</UniqueIdentifier>
      <Extensions>h;hh;hpp;hxx;h++;hm;inl;inc;ipp;xsd</Extensions>
    </Filter>
    <Filter Include="Arquivos de Recurso">
      <UniqueIdentifier>{67DA6AB6-F800-4c08-8B7A-83BB121AAD01}</UniqueIdentifier>
      <Extensions>rc;ico;cur;bmp;dlg;rc2;rct;bin;rgs;gif;jpg;jpeg;jpe;resx;tiff;tif;png;wav;mfcribbon-ms</Extensions>
    </Filter>
  </ItemGroup>
  <ItemGroup>
    <ClCompile Include="CDXtresmarias.cpp">
      <Filter>Arquivos de Origem</Filter>
    </ClCompile>
    <ClCompile Include="EasyWindow.cpp">
      <Filter>Arquivos de Origem</Filter>
    </ClCompile>
    <ClCompile Include="TMSprite.cpp">
      <Filter>Arquivos de Origem</Filter>
    </ClCompile>
  </ItemGroup>
  <ItemGroup>
    <ClInclude Include="CDXtresmarias.h">
      <Filter>Arquivos de Cabeçalho</Filter>
    </ClInclude>
    <ClInclude Include="EasyWindow.h">
      <Filter>Arquivos de Cabeçalho</Filter>
    </ClInclude>
    <ClInclude Include="TMSprite.h">
      <Filter>Arquivos de Cabeçalho</Filter>
    </ClInclude>
  </ItemGroup>
  <ItemGroup>
    <Image Include="resources\3m_icon.png">
      <Filter>Arquivos de Recurso</Filter>
    </Image>
    <Image Include="resources\3mariasBG.bmp">
      <Filter>Arquivos de Recurso</Filter>
    </Image>
    <Image Include="resources\bag0.bmp">
      <Filter>Arquivos de Recurso</Filter>
    </Image>
    <Image Include="resources\bag1.bmp">
      <Filter>Arquivos de Recurso</Filter>
    </Image>
    <Image Include="resources\bag2.bmp">
      <Filter>Arquivos de Recurso</Filter>
    </Image>
    <Image Include="resources\bag3.bmp">
      <Filter>Arquivos de Recurso</Filter>
    </Image>
    <Image Include="resources\bag4.bmp">
      <Filter>Arquivos de Recurso</Filter>
    </Image>
    <Image Include="resources\cursor.bmp">
      <Filter>Arquivos de Recurso</Filter>
    </Image>
    <Image Include="resources\titlescr.bmp">
      <Filter>Arquivos de Recurso</Filter>
    </Image>
  </ItemGroup>
  <ItemGroup>
    <Media Include="resources\bagfall.wav">
      <Filter>Arquivos de Recurso</Filter>
    </Media>
    <Media Include="resources\bagget.wav">
      <Filter>Arquivos de Recurso</Filter>
    </Media>
    <Media Include="resources\kidsplay.wav">
      <Filter>Arquivos de Recurso</Filter>
    </Media>
  </ItemGroup>
  <ItemGroup>
    <None Include="resources\bgm.mid">
      <Filter>Arquivos de Recurso</Filter>
    </None>
  </ItemGroup>
</Project>